Microsoft Visual Studio Solution File, Format Version 10.00
# Visual Studio 2008

Project("{F4B9ABCB-4AEB-C73F-76DC-EA6B2D73B996}") = "2Demo", "Assembly-CSharp-firstpass.csproj", "{BFC57D1D-D23E-0E99-2253-90CCDF0D1F98}"
EndProject
Project("{F4B9ABCB-4AEB-C73F-76DC-EA6B2D73B996}") = "2Demo", "Assembly-CSharp.csproj", "{9486AC88-1E62-B3AB-8479-8430DBB1B354}"
EndProject
Project("{F4B9ABCB-4AEB-C73F-76DC-EA6B2D73B996}") = "2Demo", "Assembly-CSharp-Editor.csproj", "{1B9C6264-E2D2-90D3-2FFC-8904BA53EE36}"
EndProject
Global
	GlobalSection(SolutionConfigurationPlatforms) = preSolution
		Debug|Any CPU = Debug|Any CPU
		Release|Any CPU = Release|Any CPU
	EndGlobalSection
	GlobalSection(ProjectConfigurationPlatforms) = postSolution
		{BFC57D1D-D23E-0E99-2253-90CCDF0D1F98}.Debug|Any CPU.ActiveCfg = Debug|Any CPU
		{BFC57D1D-D23E-0E99-2253-90CCDF0D1F98}.Debug|Any CPU.Build.0 = Debug|Any CPU
		{BFC57D1D-D23E-0E99-2253-90CCDF0D1F98}.Release|Any CPU.ActiveCfg = Release|Any CPU
		{BFC57D1D-D23E-0E99-2253-90CCDF0D1F98}.Release|Any CPU.Build.0 = Release|Any CPU
		{9486AC88-1E62-B3AB-8479-8430DBB1B354}.Debug|Any CPU.ActiveCfg = Debug|Any CPU
		{9486AC88-1E62-B3AB-8479-8430DBB1B354}.Debug|Any CPU.Build.0 = Debug|Any CPU
		{9486AC88-1E62-B3AB-8479-8430DBB1B354}.Release|Any CPU.ActiveCfg = Release|Any CPU
		{9486AC88-1E62-B3AB-8479-8430DBB1B354}.Release|Any CPU.Build.0 = Release|Any CPU
		{1B9C6264-E2D2-90D3-2FFC-8904BA53EE36}.Debug|Any CPU.ActiveCfg = Debug|Any CPU
		{1B9C6264-E2D2-90D3-2FFC-8904BA53EE36}.Debug|Any CPU.Build.0 = Debug|Any CPU
		{1B9C6264-E2D2-90D3-2FFC-8904BA53EE36}.Release|Any CPU.ActiveCfg = Release|Any CPU
		{1B9C6264-E2D2-90D3-2FFC-8904BA53EE36}.Release|Any CPU.Build.0 = Release|Any CPU
	EndGlobalSection
	GlobalSection(SolutionProperties) = preSolution
		HideSolutionNode = FALSE
	EndGlobalSection
	GlobalSection(MonoDevelopProperties) = preSolution
		StartupItem = Assembly-CSharp.csproj
	EndGlobalSection
EndGlobal
